
Microsoft Visual Studio Solution File, Format Version 12.00
# Visual Studio Version 17
VisualStudioVersion = 17.8.34330.188
MinimumVisualStudioVersion = 10.0.40219.1
Project("{9A19103F-16F7-4668-BE54-9A1E7A4F7556}") = "MobileFacilityFood", "MobileFacilityFood\MobileFacilityFood.csproj", "{FF0053D2-7421-4873-B2CE-366E3762E0CC}"
EndProject
Project("{FAE04EC0-301F-11D3-BF4B-00C04F79EFBC}") = "MobileFacilityFood.Tests", "MobileFacilityFood.Tests\MobileFacilityFood.Tests.csproj", "{4F21B683-0657-430E-B521-5721B4FBD1F1}"
EndProject
Global
	GlobalSection(SolutionConfigurationPlatforms) = preSolution
		Debug|Any CPU = Debug|Any CPU
		Release|Any CPU = Release|Any CPU
	EndGlobalSection
	GlobalSection(ProjectConfigurationPlatforms) = postSolution
		{FF0053D2-7421-4873-B2CE-366E3762E0CC}.Debug|Any CPU.ActiveCfg = Debug|Any CPU
		{FF0053D2-7421-4873-B2CE-366E3762E0CC}.Debug|Any CPU.Build.0 = Debug|Any CPU
		{FF0053D2-7421-4873-B2CE-366E3762E0CC}.Release|Any CPU.ActiveCfg = Release|Any CPU
		{FF0053D2-7421-4873-B2CE-366E3762E0CC}.Release|Any CPU.Build.0 = Release|Any CPU
		{4F21B683-0657-430E-B521-5721B4FBD1F1}.Debug|Any CPU.ActiveCfg = Debug|Any CPU
		{4F21B683-0657-430E-B521-5721B4FBD1F1}.Debug|Any CPU.Build.0 = Debug|Any CPU
		{4F21B683-0657-430E-B521-5721B4FBD1F1}.Release|Any CPU.ActiveCfg = Release|Any CPU
		{4F21B683-0657-430E-B521-5721B4FBD1F1}.Release|Any CPU.Build.0 = Release|Any CPU
	EndGlobalSection
	GlobalSection(SolutionProperties) = preSolution
		HideSolutionNode = FALSE
	EndGlobalSection
	GlobalSection(ExtensibilityGlobals) = postSolution
		SolutionGuid = {3D40B718-85FD-44BA-AEB5-E9CD1C8FEE26}
	EndGlobalSection
EndGlobal
